
Microsoft Visual Studio Solution File, Format Version 12.00
# Visual Studio Version 17
VisualStudioVersion = 17.7.34031.279
MinimumVisualStudioVersion = 10.0.40219.1
Project("{FAE04EC0-301F-11D3-BF4B-00C04F79EFBC}") = "BusinessObject", "BusinessObject\BusinessObject.csproj", "{D3FA7A0F-3833-4CB0-8EBA-8570754605BE}"
EndProject
Project("{FAE04EC0-301F-11D3-BF4B-00C04F79EFBC}") = "DataAccess", "DataAccess\DataAccess.csproj", "{0B6E8A08-7099-45A0-A752-2B4196671961}"
EndProject
Project("{FAE04EC0-301F-11D3-BF4B-00C04F79EFBC}") = "Respository", "Respository\Respository.csproj", "{A1EC008D-0BF9-41AE-B1AC-96C2677FE0F1}"
EndProject
Project("{FAE04EC0-301F-11D3-BF4B-00C04F79EFBC}") = "Client", "Client\Client.csproj", "{B25079A2-A116-4B1B-9D65-AB5097DC5A5D}"
EndProject
Project("{FAE04EC0-301F-11D3-BF4B-00C04F79EFBC}") = "API", "API\API.csproj", "{F52F46E1-B1CE-4453-9F69-73364FB44619}"
EndProject
Global
	GlobalSection(SolutionConfigurationPlatforms) = preSolution
		Debug|Any CPU = Debug|Any CPU
		Release|Any CPU = Release|Any CPU
	EndGlobalSection
	GlobalSection(ProjectConfigurationPlatforms) = postSolution
		{D3FA7A0F-3833-4CB0-8EBA-8570754605BE}.Debug|Any CPU.ActiveCfg = Debug|Any CPU
		{D3FA7A0F-3833-4CB0-8EBA-8570754605BE}.Debug|Any CPU.Build.0 = Debug|Any CPU
		{D3FA7A0F-3833-4CB0-8EBA-8570754605BE}.Release|Any CPU.ActiveCfg = Release|Any CPU
		{D3FA7A0F-3833-4CB0-8EBA-8570754605BE}.Release|Any CPU.Build.0 = Release|Any CPU
		{0B6E8A08-7099-45A0-A752-2B4196671961}.Debug|Any CPU.ActiveCfg = Debug|Any CPU
		{0B6E8A08-7099-45A0-A752-2B4196671961}.Debug|Any CPU.Build.0 = Debug|Any CPU
		{0B6E8A08-7099-45A0-A752-2B4196671961}.Release|Any CPU.ActiveCfg = Release|Any CPU
		{0B6E8A08-7099-45A0-A752-2B4196671961}.Release|Any CPU.Build.0 = Release|Any CPU
		{A1EC008D-0BF9-41AE-B1AC-96C2677FE0F1}.Debug|Any CPU.ActiveCfg = Debug|Any CPU
		{A1EC008D-0BF9-41AE-B1AC-96C2677FE0F1}.Debug|Any CPU.Build.0 = Debug|Any CPU
		{A1EC008D-0BF9-41AE-B1AC-96C2677FE0F1}.Release|Any CPU.ActiveCfg = Release|Any CPU
		{A1EC008D-0BF9-41AE-B1AC-96C2677FE0F1}.Release|Any CPU.Build.0 = Release|Any CPU
		{B25079A2-A116-4B1B-9D65-AB5097DC5A5D}.Debug|Any CPU.ActiveCfg = Debug|Any CPU
		{B25079A2-A116-4B1B-9D65-AB5097DC5A5D}.Debug|Any CPU.Build.0 = Debug|Any CPU
		{B25079A2-A116-4B1B-9D65-AB5097DC5A5D}.Release|Any CPU.ActiveCfg = Release|Any CPU
		{B25079A2-A116-4B1B-9D65-AB5097DC5A5D}.Release|Any CPU.Build.0 = Release|Any CPU
		{F52F46E1-B1CE-4453-9F69-73364FB44619}.Debug|Any CPU.ActiveCfg = Debug|Any CPU
		{F52F46E1-B1CE-4453-9F69-73364FB44619}.Debug|Any CPU.Build.0 = Debug|Any CPU
		{F52F46E1-B1CE-4453-9F69-73364FB44619}.Release|Any CPU.ActiveCfg = Release|Any CPU
		{F52F46E1-B1CE-4453-9F69-73364FB44619}.Release|Any CPU.Build.0 = Release|Any CPU
	EndGlobalSection
	GlobalSection(SolutionProperties) = preSolution
		HideSolutionNode = FALSE
	EndGlobalSection
	GlobalSection(ExtensibilityGlobals) = postSolution
		SolutionGuid = {6C977724-EFC2-4B0F-8F6A-30EEB89E5817}
	EndGlobalSection
EndGlobal
